// !$*UTF8*$!
{
	archiveVersion = 1;
	classes = {
	};
	objectVersion = 50;
	objects = {

/* Begin PBXBuildFile section */
		593AB90A25DFB256003B3C6B /* AppDelegate.swift in Sources */ = {isa = PBXBuildFile; fileRef = 593AB90925DFB256003B3C6B /* AppDelegate.swift */; };
		593AB90C25DFB256003B3C6B /* SceneDelegate.swift in Sources */ = {isa = PBXBuildFile; fileRef = 593AB90B25DFB256003B3C6B /* SceneDelegate.swift */; };
		593AB90E25DFB256003B3C6B /* ViewController.swift in Sources */ = {isa = PBXBuildFile; fileRef = 593AB90D25DFB256003B3C6B /* ViewController.swift */; };
		593AB91125DFB256003B3C6B /* Main.storyboard in Resources */ = {isa = PBXBuildFile; fileRef = 593AB90F25DFB256003B3C6B /* Main.storyboard */; };
		593AB91325DFB257003B3C6B /* Assets.xcassets in Resources */ = {isa = PBXBuildFile; fileRef = 593AB91225DFB257003B3C6B /* Assets.xcassets */; };
		593AB91625DFB257003B3C6B /* LaunchScreen.storyboard in Resources */ = {isa = PBXBuildFile; fileRef = 593AB91425DFB257003B3C6B /* LaunchScreen.storyboard */; };
		593AB92125DFB257003B3C6B /* CalculatorTests.swift in Sources */ = {isa = PBXBuildFile; fileRef = 593AB92025DFB257003B3C6B /* CalculatorTests.swift */; };
		593AB92C25DFB257003B3C6B /* CalculatorUITests.swift in Sources */ = {isa = PBXBuildFile; fileRef = 593AB92B25DFB257003B3C6B /* CalculatorUITests.swift */; };
/* End PBXBuildFile section */

/* Begin PBXContainerItemProxy section */
		593AB91D25DFB257003B3C6B /* PBXContainerItemProxy */ = {
			isa = PBXContainerItemProxy;
			containerPortal = 593AB8FE25DFB256003B3C6B /* Project object */;
			proxyType = 1;
			remoteGlobalIDString = 593AB90525DFB256003B3C6B;
			remoteInfo = Calculator;
		};
		593AB92825DFB257003B3C6B /* PBXContainerItemProxy */ = {
			isa = PBXContainerItemProxy;
			containerPortal = 593AB8FE25DFB256003B3C6B /* Project object */;
			proxyType = 1;
			remoteGlobalIDString = 593AB90525DFB256003B3C6B;
			remoteInfo = Calculator;
		};
/* End PBXContainerItemProxy section */

/* Begin PBXFileReference section */
		593AB90625DFB256003B3C6B /* Calculator.app */ = {isa = PBXFileReference; explicitFileType = wrapper.application; includeInIndex = 0; path = Calculator.app; sourceTree = BUILT_PRODUCTS_DIR; };
		593AB90925DFB256003B3C6B /* AppDelegate.swift */ = {isa = PBXFileReference; lastKnownFileType = sourcecode.swift; path = AppDelegate.swift; sourceTree = "<group>"; };
		593AB90B25DFB256003B3C6B /* SceneDelegate.swift */ = {isa = PBXFileReference; lastKnownFileType = sourcecode.swift; path = SceneDelegate.swift; sourceTree = "<group>"; };
		593AB90D25DFB256003B3C6B /* ViewController.swift */ = {isa = PBXFileReference; lastKnownFileType = sourcecode.swift; path = ViewController.swift; sourceTree = "<group>"; };
		593AB91025DFB256003B3C6B /* Base */ = {isa = PBXFileReference; lastKnownFileType = file.storyboard; name = Base; path = Base.lproj/Main.storyboard; sourceTree = "<group>"; };
		593AB91225DFB257003B3C6B /* Assets.xcassets */ = {isa = PBXFileReference; lastKnownFileType = folder.assetcatalog; path = Assets.xcassets; sourceTree = "<group>"; };
		593AB91525DFB257003B3C6B /* Base */ = {isa = PBXFileReference; lastKnownFileType = file.storyboard; name = Base; path = Base.lproj/LaunchScreen.storyboard; sourceTree = "<group>"; };
		593AB91725DFB257003B3C6B /* Info.plist */ = {isa = PBXFileReference; lastKnownFileType = text.plist.xml; path = Info.plist; sourceTree = "<group>"; };
		593AB91C25DFB257003B3C6B /* CalculatorTests.xctest */ = {isa = PBXFileReference; explicitFileType = wrapper.cfbundle; includeInIndex = 0; path = CalculatorTests.xctest; sourceTree = BUILT_PRODUCTS_DIR; };
		593AB92025DFB257003B3C6B /* CalculatorTests.swift */ = {isa = PBXFileReference; lastKnownFileType = sourcecode.swift; path = CalculatorTests.swift; sourceTree = "<group>"; };
		593AB92225DFB257003B3C6B /* Info.plist */ = {isa = PBXFileReference; lastKnownFileType = text.plist.xml; path = Info.plist; sourceTree = "<group>"; };
		593AB92725DFB257003B3C6B /* CalculatorUITests.xctest */ = {isa = PBXFileReference; explicitFileType = wrapper.cfbundle; includeInIndex = 0; path = CalculatorUITests.xctest; sourceTree = BUILT_PRODUCTS_DIR; };
		593AB92B25DFB257003B3C6B /* CalculatorUITests.swift */ = {isa = PBXFileReference; lastKnownFileType = sourcecode.swift; path = CalculatorUITests.swift; sourceTree = "<group>"; };
		593AB92D25DFB257003B3C6B /* Info.plist */ = {isa = PBXFileReference; lastKnownFileType = text.plist.xml; path = Info.plist; sourceTree = "<group>"; };
/* End PBXFileReference section */

/* Begin PBXFrameworksBuildPhase section */
		593AB90325DFB256003B3C6B /* Frameworks */ = {
			isa = PBXFrameworksBuildPhase;
			buildActionMask = 2147483647;
			files = (
			);
			runOnlyForDeploymentPostprocessing = 0;
		};
		593AB91925DFB257003B3C6B /* Frameworks */ = {
			isa = PBXFrameworksBuildPhase;
			buildActionMask = 2147483647;
			files = (
			);
			runOnlyForDeploymentPostprocessing = 0;
		};
		593AB92425DFB257003B3C6B /* Frameworks */ = {
			isa = PBXFrameworksBuildPhase;
			buildActionMask = 2147483647;
			files = (
			);
			runOnlyForDeploymentPostprocessing = 0;
		};
/* End PBXFrameworksBuildPhase section */

/* Begin PBXGroup section */
		593AB8FD25DFB256003B3C6B = {
			isa = PBXGroup;
			children = (
				593AB90825DFB256003B3C6B /* Calculator */,
				593AB91F25DFB257003B3C6B /* CalculatorTests */,
				593AB92A25DFB257003B3C6B /* CalculatorUITests */,
				593AB90725DFB256003B3C6B /* Products */,
			);
			sourceTree = "<group>";
		};
		593AB90725DFB256003B3C6B /* Products */ = {
			isa = PBXGroup;
			children = (
				593AB90625DFB256003B3C6B /* Calculator.app */,
				593AB91C25DFB257003B3C6B /* CalculatorTests.xctest */,
				593AB92725DFB257003B3C6B /* CalculatorUITests.xctest */,
			);
			name = Products;
			sourceTree = "<group>";
		};
		593AB90825DFB256003B3C6B /* Calculator */ = {
			isa = PBXGroup;
			children = (
				593AB90925DFB256003B3C6B /* AppDelegate.swift */,
				593AB90B25DFB256003B3C6B /* SceneDelegate.swift */,
				593AB90D25DFB256003B3C6B /* ViewController.swift */,
				593AB90F25DFB256003B3C6B /* Main.storyboard */,
				593AB91225DFB257003B3C6B /* Assets.xcassets */,
				593AB91425DFB257003B3C6B /* LaunchScreen.storyboard */,
				593AB91725DFB257003B3C6B /* Info.plist */,
			);
			path = Calculator;
			sourceTree = "<group>";
		};
		593AB91F25DFB257003B3C6B /* CalculatorTests */ = {
			isa = PBXGroup;
			children = (
				593AB92025DFB257003B3C6B /* CalculatorTests.swift */,
				593AB92225DFB257003B3C6B /* Info.plist */,
			);
			path = CalculatorTests;
			sourceTree = "<group>";
		};
		593AB92A25DFB257003B3C6B /* CalculatorUITests */ = {
			isa = PBXGroup;
			children = (
				593AB92B25DFB257003B3C6B /* CalculatorUITests.swift */,
				593AB92D25DFB257003B3C6B /* Info.plist */,
			);
			path = CalculatorUITests;
			sourceTree = "<group>";
		};
/* End PBXGroup section */

/* Begin PBXNativeTarget section */
		593AB90525DFB256003B3C6B /* Calculator */ = {
			isa = PBXNativeTarget;
			buildConfigurationList = 593AB93025DFB257003B3C6B /* Build configuration list for PBXNativeTarget "Calculator" */;
			buildPhases = (
				593AB90225DFB256003B3C6B /* Sources */,
				593AB90325DFB256003B3C6B /* Frameworks */,
				593AB90425DFB256003B3C6B /* Resources */,
			);
			buildRules = (
			);
			dependencies = (
			);
			name = Calculator;
			productName = Calculator;
			productReference = 593AB90625DFB256003B3C6B /* Calculator.app */;
			productType = "com.apple.product-type.application";
		};
		593AB91B25DFB257003B3C6B /* CalculatorTests */ = {
			isa = PBXNativeTarget;
			buildConfigurationList = 593AB93325DFB257003B3C6B /* Build configuration list for PBXNativeTarget "CalculatorTests" */;
			buildPhases = (
				593AB91825DFB257003B3C6B /* Sources */,
				593AB91925DFB257003B3C6B /* Frameworks */,
				593AB91A25DFB257003B3C6B /* Resources */,
			);
			buildRules = (
			);
			dependencies = (
				593AB91E25DFB257003B3C6B /* PBXTargetDependency */,
			);
			name = CalculatorTests;
			productName = CalculatorTests;
			productReference = 593AB91C25DFB257003B3C6B /* CalculatorTests.xctest */;
			productType = "com.apple.product-type.bundle.unit-test";
		};
		593AB92625DFB257003B3C6B /* CalculatorUITests */ = {
			isa = PBXNativeTarget;
			buildConfigurationList = 593AB93625DFB257003B3C6B /* Build configuration list for PBXNativeTarget "CalculatorUITests" */;
			buildPhases = (
				593AB92325DFB257003B3C6B /* Sources */,
				593AB92425DFB257003B3C6B /* Frameworks */,
				593AB92525DFB257003B3C6B /* Resources */,
			);
			buildRules = (
			);
			dependencies = (
				593AB92925DFB257003B3C6B /* PBXTargetDependency */,
			);
			name = CalculatorUITests;
			productName = CalculatorUITests;
			productReference = 593AB92725DFB257003B3C6B /* CalculatorUITests.xctest */;
			productType = "com.apple.product-type.bundle.ui-testing";
		};
/* End PBXNativeTarget section */

/* Begin PBXProject section */
		593AB8FE25DFB256003B3C6B /* Project object */ = {
			isa = PBXProject;
			attributes = {
				LastSwiftUpdateCheck = 1240;
				LastUpgradeCheck = 1240;
				TargetAttributes = {
					593AB90525DFB256003B3C6B = {
						CreatedOnToolsVersion = 12.4;
					};
					593AB91B25DFB257003B3C6B = {
						CreatedOnToolsVersion = 12.4;
						TestTargetID = 593AB90525DFB256003B3C6B;
					};
					593AB92625DFB257003B3C6B = {
						CreatedOnToolsVersion = 12.4;
						TestTargetID = 593AB90525DFB256003B3C6B;
					};
				};
			};
			buildConfigurationList = 593AB90125DFB256003B3C6B /* Build configuration list for PBXProject "Calculator" */;
			compatibilityVersion = "Xcode 9.3";
			developmentRegion = en;
			hasScannedForEncodings = 0;
			knownRegions = (
				en,
				Base,
			);
			mainGroup = 593AB8FD25DFB256003B3C6B;
			productRefGroup = 593AB90725DFB256003B3C6B /* Products */;
			projectDirPath = "";
			projectRoot = "";
			targets = (
				593AB90525DFB256003B3C6B /* Calculator */,
				593AB91B25DFB257003B3C6B /* CalculatorTests */,
				593AB92625DFB257003B3C6B /* CalculatorUITests */,
			);
		};
/* End PBXProject section */

/* Begin PBXResourcesBuildPhase section */
		593AB90425DFB256003B3C6B /* Resources */ = {
			isa = PBXResourcesBuildPhase;
			buildActionMask = 2147483647;
			files = (
				593AB91625DFB257003B3C6B /* LaunchScreen.storyboard in Resources */,
				593AB91325DFB257003B3C6B /* Assets.xcassets in Resources */,
				593AB91125DFB256003B3C6B /* Main.storyboard in Resources */,
			);
			runOnlyForDeploymentPostprocessing = 0;
		};
		593AB91A25DFB257003B3C6B /* Resources */ = {
			isa = PBXResourcesBuildPhase;
			buildActionMask = 2147483647;
			files = (
			);
			runOnlyForDeploymentPostprocessing = 0;
		};
		593AB92525DFB257003B3C6B /* Resources */ = {
			isa = PBXResourcesBuildPhase;
			buildActionMask = 2147483647;
			files = (
			);
			runOnlyForDeploymentPostprocessing = 0;
		};
/* End PBXResourcesBuildPhase section */

/* Begin PBXSourcesBuildPhase section */
		593AB90225DFB256003B3C6B /* Sources */ = {
			isa = PBXSourcesBuildPhase;
			buildActionMask = 2147483647;
			files = (
				593AB90E25DFB256003B3C6B /* ViewController.swift in Sources */,
				593AB90A25DFB256003B3C6B /* AppDelegate.swift in Sources */,
				593AB90C25DFB256003B3C6B /* SceneDelegate.swift in Sources */,
			);
			runOnlyForDeploymentPostprocessing = 0;
		};
		593AB91825DFB257003B3C6B /* Sources */ = {
			isa = PBXSourcesBuildPhase;
			buildActionMask = 2147483647;
			files = (
				593AB92125DFB257003B3C6B /* CalculatorTests.swift in Sources */,
			);
			runOnlyForDeploymentPostprocessing = 0;
		};
		593AB92325DFB257003B3C6B /* Sources */ = {
			isa = PBXSourcesBuildPhase;
			buildActionMask = 2147483647;
			files = (
				593AB92C25DFB257003B3C6B /* CalculatorUITests.swift in Sources */,
			);
			runOnlyForDeploymentPostprocessing = 0;
		};
/* End PBXSourcesBuildPhase section */

/* Begin PBXTargetDependency section */
		593AB91E25DFB257003B3C6B /* PBXTargetDependency */ = {
			isa = PBXTargetDependency;
			target = 593AB90525DFB256003B3C6B /* Calculator */;
			targetProxy = 593AB91D25DFB257003B3C6B /* PBXContainerItemProxy */;
		};
		593AB92925DFB257003B3C6B /* PBXTargetDependency */ = {
			isa = PBXTargetDependency;
			target = 593AB90525DFB256003B3C6B /* Calculator */;
			targetProxy = 593AB92825DFB257003B3C6B /* PBXContainerItemProxy */;
		};
/* End PBXTargetDependency section */

/* Begin PBXVariantGroup section */
		593AB90F25DFB256003B3C6B /* Main.storyboard */ = {
			isa = PBXVariantGroup;
			children = (
				593AB91025DFB256003B3C6B /* Base */,
			);
			name = Main.storyboard;
			sourceTree = "<group>";
		};
		593AB91425DFB257003B3C6B /* LaunchScreen.storyboard */ = {
			isa = PBXVariantGroup;
			children = (
				593AB91525DFB257003B3C6B /* Base */,
			);
			name = LaunchScreen.storyboard;
			sourceTree = "<group>";
		};
/* End PBXVariantGroup section */

/* Begin XCBuildConfiguration section */
		593AB92E25DFB257003B3C6B /* Debug */ = {
			isa = XCBuildConfiguration;
			buildSettings = {
				ALWAYS_SEARCH_USER_PATHS = NO;
				CLANG_ANALYZER_NONNULL = YES;
				CLANG_ANALYZER_NUMBER_OBJECT_CONVERSION = YES_AGGRESSIVE;
				CLANG_CXX_LANGUAGE_STANDARD = "gnu++14";
				CLANG_CXX_LIBRARY = "libc++";
				CLANG_ENABLE_MODULES = YES;
				CLANG_ENABLE_OBJC_ARC = YES;
				CLANG_ENABLE_OBJC_WEAK = YES;
				CLANG_WARN_BLOCK_CAPTURE_AUTORELEASING = YES;
				CLANG_WARN_BOOL_CONVERSION = YES;
				CLANG_WARN_COMMA = YES;
				CLANG_WARN_CONSTANT_CONVERSION = YES;
				CLANG_WARN_DEPRECATED_OBJC_IMPLEMENTATIONS = YES;
				CLANG_WARN_DIRECT_OBJC_ISA_USAGE = YES_ERROR;
				CLANG_WARN_DOCUMENTATION_COMMENTS = YES;
				CLANG_WARN_EMPTY_BODY = YES;
				CLANG_WARN_ENUM_CONVERSION = YES;
				CLANG_WARN_INFINITE_RECURSION = YES;
				CLANG_WARN_INT_CONVERSION = YES;
				CLANG_WARN_NON_LITERAL_NULL_CONVERSION = YES;
				CLANG_WARN_OBJC_IMPLICIT_RETAIN_SELF = YES;
				CLANG_WARN_OBJC_LITERAL_CONVERSION = YES;
				CLANG_WARN_OBJC_ROOT_CLASS = YES_ERROR;
				CLANG_WARN_QUOTED_INCLUDE_IN_FRAMEWORK_HEADER = YES;
				CLANG_WARN_RANGE_LOOP_ANALYSIS = YES;
				CLANG_WARN_STRICT_PROTOTYPES = YES;
				CLANG_WARN_SUSPICIOUS_MOVE = YES;
				CLANG_WARN_UNGUARDED_AVAILABILITY = YES_AGGRESSIVE;
				CLANG_WARN_UNREACHABLE_CODE = YES;
				CLANG_WARN__DUPLICATE_METHOD_MATCH = YES;
				COPY_PHASE_STRIP = NO;
				DEBUG_INFORMATION_FORMAT = dwarf;
				ENABLE_STRICT_OBJC_MSGSEND = YES;
				ENABLE_TESTABILITY = YES;
				GCC_C_LANGUAGE_STANDARD = gnu11;
				GCC_DYNAMIC_NO_PIC = NO;
				GCC_NO_COMMON_BLOCKS = YES;
				GCC_OPTIMIZATION_LEVEL = 0;
				GCC_PREPROCESSOR_DEFINITIONS = (
					"DEBUG=1",
					"$(inherited)",
				);
				GCC_WARN_64_TO_32_BIT_CONVERSION = YES;
				GCC_WARN_ABOUT_RETURN_TYPE = YES_ERROR;
				GCC_WARN_UNDECLARED_SELECTOR = YES;
				GCC_WARN_UNINITIALIZED_AUTOS = YES_AGGRESSIVE;
				GCC_WARN_UNUSED_FUNCTION = YES;
				GCC_WARN_UNUSED_VARIABLE = YES;
				IPHONEOS_DEPLOYMENT_TARGET = 14.4;
				MTL_ENABLE_DEBUG_INFO = INCLUDE_SOURCE;
				MTL_FAST_MATH = YES;
				ONLY_ACTIVE_ARCH = YES;
				SDKROOT = iphoneos;
				SWIFT_ACTIVE_COMPILATION_CONDITIONS = DEBUG;
				SWIFT_OPTIMIZATION_LEVEL = "-Onone";
			};
			name = Debug;
		};
		593AB92F25DFB257003B3C6B /* Release */ = {
			isa = XCBuildConfiguration;
			buildSettings = {
				ALWAYS_SEARCH_USER_PATHS = NO;
				CLANG_ANALYZER_NONNULL = YES;
				CLANG_ANALYZER_NUMBER_OBJECT_CONVERSION = YES_AGGRESSIVE;
				CLANG_CXX_LANGUAGE_STANDARD = "gnu++14";
				CLANG_CXX_LIBRARY = "libc++";
				CLANG_ENABLE_MODULES = YES;
				CLANG_ENABLE_OBJC_ARC = YES;
				CLANG_ENABLE_OBJC_WEAK = YES;
				CLANG_WARN_BLOCK_CAPTURE_AUTORELEASING = YES;
				CLANG_WARN_BOOL_CONVERSION = YES;
				CLANG_WARN_COMMA = YES;
				CLANG_WARN_CONSTANT_CONVERSION = YES;
				CLANG_WARN_DEPRECATED_OBJC_IMPLEMENTATIONS = YES;
				CLANG_WARN_DIRECT_OBJC_ISA_USAGE = YES_ERROR;
				CLANG_WARN_DOCUMENTATION_COMMENTS = YES;
				CLANG_WARN_EMPTY_BODY = YES;
				CLANG_WARN_ENUM_CONVERSION = YES;
				CLANG_WARN_INFINITE_RECURSION = YES;
				CLANG_WARN_INT_CONVERSION = YES;
				CLANG_WARN_NON_LITERAL_NULL_CONVERSION = YES;
				CLANG_WARN_OBJC_IMPLICIT_RETAIN_SELF = YES;
				CLANG_WARN_OBJC_LITERAL_CONVERSION = YES;
				CLANG_WARN_OBJC_ROOT_CLASS = YES_ERROR;
				CLANG_WARN_QUOTED_INCLUDE_IN_FRAMEWORK_HEADER = YES;
				CLANG_WARN_RANGE_LOOP_ANALYSIS = YES;
				CLANG_WARN_STRICT_PROTOTYPES = YES;
				CLANG_WARN_SUSPICIOUS_MOVE = YES;
				CLANG_WARN_UNGUARDED_AVAILABILITY = YES_AGGRESSIVE;
				CLANG_WARN_UNREACHABLE_CODE = YES;
				CLANG_WARN__DUPLICATE_METHOD_MATCH = YES;
				COPY_PHASE_STRIP = NO;
				DEBUG_INFORMATION_FORMAT = "dwarf-with-dsym";
				ENABLE_NS_ASSERTIONS = NO;
				ENABLE_STRICT_OBJC_MSGSEND = YES;
				GCC_C_LANGUAGE_STANDARD = gnu11;
				GCC_NO_COMMON_BLOCKS = YES;
				GCC_WARN_64_TO_32_BIT_CONVERSION = YES;
				GCC_WARN_ABOUT_RETURN_TYPE = YES_ERROR;
				GCC_WARN_UNDECLARED_SELECTOR = YES;
				GCC_WARN_UNINITIALIZED_AUTOS = YES_AGGRESSIVE;
				GCC_WARN_UNUSED_FUNCTION = YES;
				GCC_WARN_UNUSED_VARIABLE = YES;
				IPHONEOS_DEPLOYMENT_TARGET = 14.4;
				MTL_ENABLE_DEBUG_INFO = NO;
				MTL_FAST_MATH = YES;
				SDKROOT = iphoneos;
				SWIFT_COMPILATION_MODE = wholemodule;
				SWIFT_OPTIMIZATION_LEVEL = "-O";
				VALIDATE_PRODUCT = YES;
			};
			name = Release;
		};
		593AB93125DFB257003B3C6B /* Debug */ = {
			isa = XCBuildConfiguration;
			buildSettings = {
				ASSETCATALOG_COMPILER_APPICON_NAME = AppIcon;
				ASSETCATALOG_COMPILER_GLOBAL_ACCENT_COLOR_NAME = AccentColor;
				CODE_SIGN_STYLE = Automatic;
				INFOPLIST_FILE = Calculator/Info.plist;
				LD_RUNPATH_SEARCH_PATHS = (
					"$(inherited)",
					"@executable_path/Frameworks",
				);
				PRODUCT_BUNDLE_IDENTIFIER = com.klukie.Calculator;
				PRODUCT_NAME = "$(TARGET_NAME)";
				SWIFT_VERSION = 5.0;
				TARGETED_DEVICE_FAMILY = "1,2";
			};
			name = Debug;
		};
		593AB93225DFB257003B3C6B /* Release */ = {
			isa = XCBuildConfiguration;
			buildSettings = {
				ASSETCATALOG_COMPILER_APPICON_NAME = AppIcon;
				ASSETCATALOG_COMPILER_GLOBAL_ACCENT_COLOR_NAME = AccentColor;
				CODE_SIGN_STYLE = Automatic;
				INFOPLIST_FILE = Calculator/Info.plist;
				LD_RUNPATH_SEARCH_PATHS = (
					"$(inherited)",
					"@executable_path/Frameworks",
				);
				PRODUCT_BUNDLE_IDENTIFIER = com.klukie.Calculator;
				PRODUCT_NAME = "$(TARGET_NAME)";
				SWIFT_VERSION = 5.0;
				TARGETED_DEVICE_FAMILY = "1,2";
			};
			name = Release;
		};
		593AB93425DFB257003B3C6B /* Debug */ = {
			isa = XCBuildConfiguration;
			buildSettings = {
				ALWAYS_EMBED_SWIFT_STANDARD_LIBRARIES = YES;
				BUNDLE_LOADER = "$(TEST_HOST)";
				CODE_SIGN_STYLE = Automatic;
				INFOPLIST_FILE = CalculatorTests/Info.plist;
				IPHONEOS_DEPLOYMENT_TARGET = 14.4;
				LD_RUNPATH_SEARCH_PATHS = (
					"$(inherited)",
					"@executable_path/Frameworks",
					"@loader_path/Frameworks",
				);
				PRODUCT_BUNDLE_IDENTIFIER = com.klukie.CalculatorTests;
				PRODUCT_NAME = "$(TARGET_NAME)";
				SWIFT_VERSION = 5.0;
				TARGETED_DEVICE_FAMILY = "1,2";
				TEST_HOST = "$(BUILT_PRODUCTS_DIR)/Calculator.app/Calculator";
			};
			name = Debug;
		};
		593AB93525DFB257003B3C6B /* Release */ = {
			isa = XCBuildConfiguration;
			buildSettings = {
				ALWAYS_EMBED_SWIFT_STANDARD_LIBRARIES = YES;
				BUNDLE_LOADER = "$(TEST_HOST)";
				CODE_SIGN_STYLE = Automatic;
				INFOPLIST_FILE = CalculatorTests/Info.plist;
				IPHONEOS_DEPLOYMENT_TARGET = 14.4;
				LD_RUNPATH_SEARCH_PATHS = (
					"$(inherited)",
					"@executable_path/Frameworks",
					"@loader_path/Frameworks",
				);
				PRODUCT_BUNDLE_IDENTIFIER = com.klukie.CalculatorTests;
				PRODUCT_NAME = "$(TARGET_NAME)";
				SWIFT_VERSION = 5.0;
				TARGETED_DEVICE_FAMILY = "1,2";
				TEST_HOST = "$(BUILT_PRODUCTS_DIR)/Calculator.app/Calculator";
			};
			name = Release;
		};
		593AB93725DFB257003B3C6B /* Debug */ = {
			isa = XCBuildConfiguration;
			buildSettings = {
				ALWAYS_EMBED_SWIFT_STANDARD_LIBRARIES = YES;
				CODE_SIGN_STYLE = Automatic;
				INFOPLIST_FILE = CalculatorUITests/Info.plist;
				LD_RUNPATH_SEARCH_PATHS = (
					"$(inherited)",
					"@executable_path/Frameworks",
					"@loader_path/Frameworks",
				);
				PRODUCT_BUNDLE_IDENTIFIER = com.klukie.CalculatorUITests;
				PRODUCT_NAME = "$(TARGET_NAME)";
				SWIFT_VERSION = 5.0;
				TARGETED_DEVICE_FAMILY = "1,2";
				TEST_TARGET_NAME = Calculator;
			};
			name = Debug;
		};
		593AB93825DFB257003B3C6B /* Release */ = {
			isa = XCBuildConfiguration;
			buildSettings = {
				ALWAYS_EMBED_SWIFT_STANDARD_LIBRARIES = YES;
				CODE_SIGN_STYLE = Automatic;
				INFOPLIST_FILE = CalculatorUITests/Info.plist;
				LD_RUNPATH_SEARCH_PATHS = (
					"$(inherited)",
					"@executable_path/Frameworks",
					"@loader_path/Frameworks",
				);
				PRODUCT_BUNDLE_IDENTIFIER = com.klukie.CalculatorUITests;
				PRODUCT_NAME = "$(TARGET_NAME)";
				SWIFT_VERSION = 5.0;
				TARGETED_DEVICE_FAMILY = "1,2";
				TEST_TARGET_NAME = Calculator;
			};
			name = Release;
		};
/* End XCBuildConfiguration section */

/* Begin XCConfigurationList section */
		593AB90125DFB256003B3C6B /* Build configuration list for PBXProject "Calculator" */ = {
			isa = XCConfigurationList;
			buildConfigurations = (
				593AB92E25DFB257003B3C6B /* Debug */,
				593AB92F25DFB257003B3C6B /* Release */,
			);
			defaultConfigurationIsVisible = 0;
			defaultConfigurationName = Release;
		};
		593AB93025DFB257003B3C6B /* Build configuration list for PBXNativeTarget "Calculator" */ = {
			isa = XCConfigurationList;
			buildConfigurations = (
				593AB93125DFB257003B3C6B /* Debug */,
				593AB93225DFB257003B3C6B /* Release */,
			);
			defaultConfigurationIsVisible = 0;
			defaultConfigurationName = Release;
		};
		593AB93325DFB257003B3C6B /* Build configuration list for PBXNativeTarget "CalculatorTests" */ = {
			isa = XCConfigurationList;
			buildConfigurations = (
				593AB93425DFB257003B3C6B /* Debug */,
				593AB93525DFB257003B3C6B /* Release */,
			);
			defaultConfigurationIsVisible = 0;
			defaultConfigurationName = Release;
		};
		593AB93625DFB257003B3C6B /* Build configuration list for PBXNativeTarget "CalculatorUITests" */ = {
			isa = XCConfigurationList;
			buildConfigurations = (
				593AB93725DFB257003B3C6B /* Debug */,
				593AB93825DFB257003B3C6B /* Release */,
			);
			defaultConfigurationIsVisible = 0;
			defaultConfigurationName = Release;
		};
/* End XCConfigurationList section */
	};
	rootObject = 593AB8FE25DFB256003B3C6B /* Project object */;
}
